
Microsoft Visual Studio Solution File, Format Version 12.00
# Visual Studio Version 16
VisualStudioVersion = 16.0.29424.173
MinimumVisualStudioVersion = 10.0.40219.1
Project("{888888A0-9F3D-457C-B088-3A5042F75D52}") = "CiurulEratostene", "CiurulEratostene\CiurulEratostene.pyproj", "{E6A17DD3-0E9F-4EF9-AA5B-DD9F643DA55B}"
EndProject
Global
	GlobalSection(SolutionConfigurationPlatforms) = preSolution
		Debug|Any CPU = Debug|Any CPU
		Release|Any CPU = Release|Any CPU
	EndGlobalSection
	GlobalSection(ProjectConfigurationPlatforms) = postSolution
		{E6A17DD3-0E9F-4EF9-AA5B-DD9F643DA55B}.Debug|Any CPU.ActiveCfg = Debug|Any CPU
		{E6A17DD3-0E9F-4EF9-AA5B-DD9F643DA55B}.Release|Any CPU.ActiveCfg = Release|Any CPU
	EndGlobalSection
	GlobalSection(SolutionProperties) = preSolution
		HideSolutionNode = FALSE
	EndGlobalSection
	GlobalSection(ExtensibilityGlobals) = postSolution
		SolutionGuid = {4346ACA3-8EC8-4A5C-A46C-D7707D527723}
	EndGlobalSection
EndGlobal
